{
    "_readme": [
        "This file locks the dependencies of your project to a known state",
        "Read more about it at https://getcomposer.org/doc/01-basic-usage.md#installing-dependencies",
        "This file is @generated automatically"
    ],
    "content-hash": "a545d2e5e5219a15d7e5c6b20869c178",
    "packages": [
        {
            "name": "giacocorsiglia/wordpress-stubs",
            "version": "v4.9.9",
            "source": {
                "type": "git",
                "url": "https://github.com/GiacoCorsiglia/wordpress-stubs.git",
                "reference": "7729a0f26dba5491846b0eb30fee11c85196ed46"
            },
            "dist": {
                "type": "zip",
                "url": "https://api.github.com/repos/GiacoCorsiglia/wordpress-stubs/zipball/7729a0f26dba5491846b0eb30fee11c85196ed46",
                "reference": "7729a0f26dba5491846b0eb30fee11c85196ed46",
                "shasum": ""
            },
            "require-dev": {
                "giacocorsiglia/stubs-generator": "^0.5.0",
                "johnpbloch/wordpress": "4.9.9",
                "php": "^7.1"
            },
            "type": "library",
            "notification-url": "https://packagist.org/downloads/",
            "license": [
                "GPL-2.0+"
            ],
            "authors": [
                {
                    "name": "Giaco Corsiglia",
                    "email": "GiacoCorsiglia@gmail.com"
                }
            ],
            "description": "WordPress function, class, and global variable declaration stubs for easier static analysis.",
            "homepage": "https://github.com/GiacoCorsiglia/wordpress-stubs",
            "keywords": [
                "static analysis",
                "wordpress"
            ],
            "time": "2019-01-24T19:32:21+00:00"
        }
    ],
    "packages-dev": [],
    "aliases": [],
    "minimum-stability": "stable",
    "stability-flags": [],
    "prefer-stable": false,
    "prefer-lowest": false,
    "platform": [],
    "platform-dev": []
}
